// !$*UTF8*$!
{
	archiveVersion = 1;
	classes = {
	};
	objectVersion = 46;
	objects = {

/* Begin PBXBuildFile section */
		9341F35D1A54CB89009710E7 /* AppDelegate.swift in Sources */ = {isa = PBXBuildFile; fileRef = 9341F35C1A54CB89009710E7 /* AppDelegate.swift */; };
		9341F35F1A54CB89009710E7 /* ViewController.swift in Sources */ = {isa = PBXBuildFile; fileRef = 9341F35E1A54CB89009710E7 /* ViewController.swift */; };
		9341F3621A54CB89009710E7 /* Main.storyboard in Resources */ = {isa = PBXBuildFile; fileRef = 9341F3601A54CB89009710E7 /* Main.storyboard */; };
		9341F3641A54CB89009710E7 /* Images.xcassets in Resources */ = {isa = PBXBuildFile; fileRef = 9341F3631A54CB89009710E7 /* Images.xcassets */; };
		9341F3831A54E6A5009710E7 /* NotificationCenter.framework in Frameworks */ = {isa = PBXBuildFile; fileRef = 9341F3821A54E6A5009710E7 /* NotificationCenter.framework */; };
		9341F3881A54E6A5009710E7 /* TodayViewController.swift in Sources */ = {isa = PBXBuildFile; fileRef = 9341F3871A54E6A5009710E7 /* TodayViewController.swift */; };
		9341F38A1A54E6A5009710E7 /* MainInterface.storyboard in Resources */ = {isa = PBXBuildFile; fileRef = 9341F3891A54E6A5009710E7 /* MainInterface.storyboard */; };
		9341F38D1A54E6A5009710E7 /* extension.appex in Embed App Extensions */ = {isa = PBXBuildFile; fileRef = 9341F3801A54E6A5009710E7 /* extension.appex */; settings = {ATTRIBUTES = (RemoveHeadersOnCopy, ); }; };
		939D28FF1A5E0AD3000FDCD1 /* NewsItem.swift in Sources */ = {isa = PBXBuildFile; fileRef = 939D28FE1A5E0AD3000FDCD1 /* NewsItem.swift */; };
		939D29001A5E0AD3000FDCD1 /* NewsItem.swift in Sources */ = {isa = PBXBuildFile; fileRef = 939D28FE1A5E0AD3000FDCD1 /* NewsItem.swift */; };
		939D29011A5E0B02000FDCD1 /* AEXML.swift in Sources */ = {isa = PBXBuildFile; fileRef = 93B591F41A5B634700E99B9C /* AEXML.swift */; };
		93B591F51A5B634700E99B9C /* AEXML.swift in Sources */ = {isa = PBXBuildFile; fileRef = 93B591F41A5B634700E99B9C /* AEXML.swift */; };
		93E7CFBB1A64E8B100E1D11A /* Alamofire.framework in Frameworks */ = {isa = PBXBuildFile; fileRef = 933242451A5A17A300B086BC /* Alamofire.framework */; };
		93E7CFBC1A64E8B500E1D11A /* Alamofire.framework in Frameworks */ = {isa = PBXBuildFile; fileRef = 933242451A5A17A300B086BC /* Alamofire.framework */; };
		93E7CFBE1A64E90900E1D11A /* Alamofire.framework in Frameworks */ = {isa = PBXBuildFile; fileRef = 933242451A5A17A300B086BC /* Alamofire.framework */; };
		93E7CFBF1A64E90900E1D11A /* Alamofire.framework in Embed Frameworks */ = {isa = PBXBuildFile; fileRef = 933242451A5A17A300B086BC /* Alamofire.framework */; settings = {ATTRIBUTES = (CodeSignOnCopy, RemoveHeadersOnCopy, ); }; };
		93E7CFC31A64F75800E1D11A /* PKHUD.framework in Frameworks */ = {isa = PBXBuildFile; fileRef = 93B591FE1A5B67E900E99B9C /* PKHUD.framework */; };
		93E7CFC41A64F75800E1D11A /* PKHUD.framework in Embed Frameworks */ = {isa = PBXBuildFile; fileRef = 93B591FE1A5B67E900E99B9C /* PKHUD.framework */; settings = {ATTRIBUTES = (CodeSignOnCopy, RemoveHeadersOnCopy, ); }; };
/* End PBXBuildFile section */

/* Begin PBXContainerItemProxy section */
		933242441A5A17A300B086BC /* PBXContainerItemProxy */ = {
			isa = PBXContainerItemProxy;
			containerPortal = 9332423F1A5A17A300B086BC /* Alamofire.xcodeproj */;
			proxyType = 2;
			remoteGlobalIDString = F8111E3319A95C8B0040E7D1;
			remoteInfo = Alamofire;
		};
		933242461A5A17A300B086BC /* PBXContainerItemProxy */ = {
			isa = PBXContainerItemProxy;
			containerPortal = 9332423F1A5A17A300B086BC /* Alamofire.xcodeproj */;
			proxyType = 2;
			remoteGlobalIDString = F8111E3E19A95C8B0040E7D1;
			remoteInfo = AlamofireTests;
		};
		9341F38B1A54E6A5009710E7 /* PBXContainerItemProxy */ = {
			isa = PBXContainerItemProxy;
			containerPortal = 9341F34F1A54CB89009710E7 /* Project object */;
			proxyType = 1;
			remoteGlobalIDString = 9341F37F1A54E6A5009710E7;
			remoteInfo = extension;
		};
		93B591EC1A5B611F00E99B9C /* PBXContainerItemProxy */ = {
			isa = PBXContainerItemProxy;
			containerPortal = 9332423F1A5A17A300B086BC /* Alamofire.xcodeproj */;
			proxyType = 1;
			remoteGlobalIDString = F8111E3219A95C8B0040E7D1;
			remoteInfo = Alamofire;
		};
		93B591F01A5B612400E99B9C /* PBXContainerItemProxy */ = {
			isa = PBXContainerItemProxy;
			containerPortal = 9332423F1A5A17A300B086BC /* Alamofire.xcodeproj */;
			proxyType = 1;
			remoteGlobalIDString = F8111E3219A95C8B0040E7D1;
			remoteInfo = Alamofire;
		};
		93B591FB1A5B67E900E99B9C /* PBXContainerItemProxy */ = {
			isa = PBXContainerItemProxy;
			containerPortal = 93B591F61A5B67E900E99B9C /* PKHUD.xcodeproj */;
			proxyType = 2;
			remoteGlobalIDString = F99631FC19514FAC001F73CA;
			remoteInfo = "PKHUD Demo";
		};
		93B591FD1A5B67E900E99B9C /* PBXContainerItemProxy */ = {
			isa = PBXContainerItemProxy;
			containerPortal = 93B591F61A5B67E900E99B9C /* PKHUD.xcodeproj */;
			proxyType = 2;
			remoteGlobalIDString = F996321E19514FD8001F73CA;
			remoteInfo = PKHUD;
		};
		93E7CFB91A64E87600E1D11A /* PBXContainerItemProxy */ = {
			isa = PBXContainerItemProxy;
			containerPortal = 93B591F61A5B67E900E99B9C /* PKHUD.xcodeproj */;
			proxyType = 1;
			remoteGlobalIDString = F996321D19514FD8001F73CA;
			remoteInfo = PKHUD;
		};
		93E7CFC01A64E90900E1D11A /* PBXContainerItemProxy */ = {
			isa = PBXContainerItemProxy;
			containerPortal = 9332423F1A5A17A300B086BC /* Alamofire.xcodeproj */;
			proxyType = 1;
			remoteGlobalIDString = F8111E3219A95C8B0040E7D1;
			remoteInfo = Alamofire;
		};
		93E7CFC51A64F75900E1D11A /* PBXContainerItemProxy */ = {
			isa = PBXContainerItemProxy;
			containerPortal = 93B591F61A5B67E900E99B9C /* PKHUD.xcodeproj */;
			proxyType = 1;
			remoteGlobalIDString = F996321D19514FD8001F73CA;
			remoteInfo = PKHUD;
		};
/* End PBXContainerItemProxy section */

/* Begin PBXCopyFilesBuildPhase section */
		9341F3911A54E6A5009710E7 /* Embed App Extensions */ = {
			isa = PBXCopyFilesBuildPhase;
			buildActionMask = 2147483647;
			dstPath = "";
			dstSubfolderSpec = 13;
			files = (
				9341F38D1A54E6A5009710E7 /* extension.appex in Embed App Extensions */,
			);
			name = "Embed App Extensions";
			runOnlyForDeploymentPostprocessing = 0;
		};
		93E7CFC21A64E90900E1D11A /* Embed Frameworks */ = {
			isa = PBXCopyFilesBuildPhase;
			buildActionMask = 2147483647;
			dstPath = "";
			dstSubfolderSpec = 10;
			files = (
				93E7CFBF1A64E90900E1D11A /* Alamofire.framework in Embed Frameworks */,
				93E7CFC41A64F75800E1D11A /* PKHUD.framework in Embed Frameworks */,
			);
			name = "Embed Frameworks";
			runOnlyForDeploymentPostprocessing = 0;
		};
/* End PBXCopyFilesBuildPhase section */

/* Begin PBXFileReference section */
		9332423F1A5A17A300B086BC /* Alamofire.xcodeproj */ = {isa = PBXFileReference; lastKnownFileType = "wrapper.pb-project"; name = Alamofire.xcodeproj; path = Alamofire/Alamofire.xcodeproj; sourceTree = "<group>"; };
		9341F3571A54CB89009710E7 /* rsswidget.app */ = {isa = PBXFileReference; explicitFileType = wrapper.application; includeInIndex = 0; path = rsswidget.app; sourceTree = BUILT_PRODUCTS_DIR; };
		9341F35B1A54CB89009710E7 /* Info.plist */ = {isa = PBXFileReference; lastKnownFileType = text.plist.xml; path = Info.plist; sourceTree = "<group>"; };
		9341F35C1A54CB89009710E7 /* AppDelegate.swift */ = {isa = PBXFileReference; lastKnownFileType = sourcecode.swift; path = AppDelegate.swift; sourceTree = "<group>"; };
		9341F35E1A54CB89009710E7 /* ViewController.swift */ = {isa = PBXFileReference; lastKnownFileType = sourcecode.swift; path = ViewController.swift; sourceTree = "<group>"; };
		9341F3611A54CB89009710E7 /* Base */ = {isa = PBXFileReference; lastKnownFileType = file.storyboard; name = Base; path = Base.lproj/Main.storyboard; sourceTree = "<group>"; };
		9341F3631A54CB89009710E7 /* Images.xcassets */ = {isa = PBXFileReference; lastKnownFileType = folder.assetcatalog; path = Images.xcassets; sourceTree = "<group>"; };
		9341F3801A54E6A5009710E7 /* extension.appex */ = {isa = PBXFileReference; explicitFileType = "wrapper.app-extension"; includeInIndex = 0; path = extension.appex; sourceTree = BUILT_PRODUCTS_DIR; };
		9341F3821A54E6A5009710E7 /* NotificationCenter.framework */ = {isa = PBXFileReference; lastKnownFileType = wrapper.framework; name = NotificationCenter.framework; path = System/Library/Frameworks/NotificationCenter.framework; sourceTree = SDKROOT; };
		9341F3861A54E6A5009710E7 /* Info.plist */ = {isa = PBXFileReference; lastKnownFileType = text.plist.xml; path = Info.plist; sourceTree = "<group>"; };
		9341F3871A54E6A5009710E7 /* TodayViewController.swift */ = {isa = PBXFileReference; lastKnownFileType = sourcecode.swift; path = TodayViewController.swift; sourceTree = "<group>"; };
		9341F3891A54E6A5009710E7 /* MainInterface.storyboard */ = {isa = PBXFileReference; lastKnownFileType = file.storyboard; path = MainInterface.storyboard; sourceTree = "<group>"; };
		939D28FE1A5E0AD3000FDCD1 /* NewsItem.swift */ = {isa = PBXFileReference; fileEncoding = 4; lastKnownFileType = sourcecode.swift; path = NewsItem.swift; sourceTree = "<group>"; };
		93B591F41A5B634700E99B9C /* AEXML.swift */ = {isa = PBXFileReference; fileEncoding = 4; lastKnownFileType = sourcecode.swift; path = AEXML.swift; sourceTree = "<group>"; };
		93B591F61A5B67E900E99B9C /* PKHUD.xcodeproj */ = {isa = PBXFileReference; lastKnownFileType = "wrapper.pb-project"; name = PKHUD.xcodeproj; path = PKHUD/PKHUD.xcodeproj; sourceTree = "<group>"; };
/* End PBXFileReference section */

/* Begin PBXFrameworksBuildPhase section */
		9341F3541A54CB89009710E7 /* Frameworks */ = {
			isa = PBXFrameworksBuildPhase;
			buildActionMask = 2147483647;
			files = (
				93E7CFC31A64F75800E1D11A /* PKHUD.framework in Frameworks */,
				93E7CFBC1A64E8B500E1D11A /* Alamofire.framework in Frameworks */,
				93E7CFBE1A64E90900E1D11A /* Alamofire.framework in Frameworks */,
			);
			runOnlyForDeploymentPostprocessing = 0;
		};
		9341F37D1A54E6A5009710E7 /* Frameworks */ = {
			isa = PBXFrameworksBuildPhase;
			buildActionMask = 2147483647;
			files = (
				93E7CFBB1A64E8B100E1D11A /* Alamofire.framework in Frameworks */,
				9341F3831A54E6A5009710E7 /* NotificationCenter.framework in Frameworks */,
			);
			runOnlyForDeploymentPostprocessing = 0;
		};
/* End PBXFrameworksBuildPhase section */

/* Begin PBXGroup section */
		933242401A5A17A300B086BC /* Products */ = {
			isa = PBXGroup;
			children = (
				933242451A5A17A300B086BC /* Alamofire.framework */,
				933242471A5A17A300B086BC /* AlamofireTests.xctest */,
			);
			name = Products;
			sourceTree = "<group>";
		};
		9341F34E1A54CB89009710E7 = {
			isa = PBXGroup;
			children = (
				93B591F61A5B67E900E99B9C /* PKHUD.xcodeproj */,
				9332423F1A5A17A300B086BC /* Alamofire.xcodeproj */,
				9341F3591A54CB89009710E7 /* rsswidget */,
				9341F3841A54E6A5009710E7 /* extension */,
				9341F3811A54E6A5009710E7 /* Frameworks */,
				9341F3581A54CB89009710E7 /* Products */,
			);
			sourceTree = "<group>";
		};
		9341F3581A54CB89009710E7 /* Products */ = {
			isa = PBXGroup;
			children = (
				9341F3571A54CB89009710E7 /* rsswidget.app */,
				9341F3801A54E6A5009710E7 /* extension.appex */,
			);
			name = Products;
			sourceTree = "<group>";
		};
		9341F3591A54CB89009710E7 /* rsswidget */ = {
			isa = PBXGroup;
			children = (
				93B591F41A5B634700E99B9C /* AEXML.swift */,
				939D28FE1A5E0AD3000FDCD1 /* NewsItem.swift */,
				9341F35C1A54CB89009710E7 /* AppDelegate.swift */,
				9341F35E1A54CB89009710E7 /* ViewController.swift */,
				9341F3601A54CB89009710E7 /* Main.storyboard */,
				9341F3631A54CB89009710E7 /* Images.xcassets */,
				9341F35A1A54CB89009710E7 /* Supporting Files */,
			);
			path = rsswidget;
			sourceTree = "<group>";
		};
		9341F35A1A54CB89009710E7 /* Supporting Files */ = {
			isa = PBXGroup;
			children = (
				9341F35B1A54CB89009710E7 /* Info.plist */,
			);
			name = "Supporting Files";
			sourceTree = "<group>";
		};
		9341F3811A54E6A5009710E7 /* Frameworks */ = {
			isa = PBXGroup;
			children = (
				9341F3821A54E6A5009710E7 /* NotificationCenter.framework */,
			);
			name = Frameworks;
			sourceTree = "<group>";
		};
		9341F3841A54E6A5009710E7 /* extension */ = {
			isa = PBXGroup;
			children = (
				9341F3871A54E6A5009710E7 /* TodayViewController.swift */,
				9341F3891A54E6A5009710E7 /* MainInterface.storyboard */,
				9341F3851A54E6A5009710E7 /* Supporting Files */,
			);
			path = extension;
			sourceTree = "<group>";
		};
		9341F3851A54E6A5009710E7 /* Supporting Files */ = {
			isa = PBXGroup;
			children = (
				9341F3861A54E6A5009710E7 /* Info.plist */,
			);
			name = "Supporting Files";
			sourceTree = "<group>";
		};
		93B591F71A5B67E900E99B9C /* Products */ = {
			isa = PBXGroup;
			children = (
				93B591FC1A5B67E900E99B9C /* PKHUD Demo.app */,
				93B591FE1A5B67E900E99B9C /* PKHUD.framework */,
			);
			name = Products;
			sourceTree = "<group>";
		};
/* End PBXGroup section */

/* Begin PBXNativeTarget section */
		9341F3561A54CB89009710E7 /* rsswidget */ = {
			isa = PBXNativeTarget;
			buildConfigurationList = 9341F3761A54CB8A009710E7 /* Build configuration list for PBXNativeTarget "rsswidget" */;
			buildPhases = (
				9341F3531A54CB89009710E7 /* Sources */,
				9341F3541A54CB89009710E7 /* Frameworks */,
				9341F3551A54CB89009710E7 /* Resources */,
				9341F3911A54E6A5009710E7 /* Embed App Extensions */,
				93E7CFC21A64E90900E1D11A /* Embed Frameworks */,
			);
			buildRules = (
			);
			dependencies = (
				93B591F11A5B612400E99B9C /* PBXTargetDependency */,
				9341F38C1A54E6A5009710E7 /* PBXTargetDependency */,
				93E7CFC11A64E90900E1D11A /* PBXTargetDependency */,
				93E7CFC61A64F75900E1D11A /* PBXTargetDependency */,
			);
			name = rsswidget;
			productName = rsswidget;
			productReference = 9341F3571A54CB89009710E7 /* rsswidget.app */;
			productType = "com.apple.product-type.application";
		};
		9341F37F1A54E6A5009710E7 /* extension */ = {
			isa = PBXNativeTarget;
			buildConfigurationList = 9341F3901A54E6A5009710E7 /* Build configuration list for PBXNativeTarget "extension" */;
			buildPhases = (
				9341F37C1A54E6A5009710E7 /* Sources */,
				9341F37D1A54E6A5009710E7 /* Frameworks */,
				9341F37E1A54E6A5009710E7 /* Resources */,
			);
			buildRules = (
			);
			dependencies = (
				93E7CFBA1A64E87600E1D11A /* PBXTargetDependency */,
				93B591ED1A5B611F00E99B9C /* PBXTargetDependency */,
			);
			name = extension;
			productName = extension;
			productReference = 9341F3801A54E6A5009710E7 /* extension.appex */;
			productType = "com.apple.product-type.app-extension";
		};
/* End PBXNativeTarget section */

/* Begin PBXProject section */
		9341F34F1A54CB89009710E7 /* Project object */ = {
			isa = PBXProject;
			attributes = {
				LastUpgradeCheck = 0610;
				ORGANIZATIONNAME = theswiftworld;
				TargetAttributes = {
					9341F3561A54CB89009710E7 = {
						CreatedOnToolsVersion = 6.1;
					};
					9341F37F1A54E6A5009710E7 = {
						CreatedOnToolsVersion = 6.1;
					};
				};
			};
			buildConfigurationList = 9341F3521A54CB89009710E7 /* Build configuration list for PBXProject "rsswidget" */;
			compatibilityVersion = "Xcode 3.2";
			developmentRegion = English;
			hasScannedForEncodings = 0;
			knownRegions = (
				en,
				Base,
			);
			mainGroup = 9341F34E1A54CB89009710E7;
			productRefGroup = 9341F3581A54CB89009710E7 /* Products */;
			projectDirPath = "";
			projectReferences = (
				{
					ProductGroup = 933242401A5A17A300B086BC /* Products */;
					ProjectRef = 9332423F1A5A17A300B086BC /* Alamofire.xcodeproj */;
				},
				{
					ProductGroup = 93B591F71A5B67E900E99B9C /* Products */;
					ProjectRef = 93B591F61A5B67E900E99B9C /* PKHUD.xcodeproj */;
				},
			);
			projectRoot = "";
			targets = (
				9341F3561A54CB89009710E7 /* rsswidget */,
				9341F37F1A54E6A5009710E7 /* extension */,
			);
		};
/* End PBXProject section */

/* Begin PBXReferenceProxy section */
		933242451A5A17A300B086BC /* Alamofire.framework */ = {
			isa = PBXReferenceProxy;
			fileType = wrapper.framework;
			path = Alamofire.framework;
			remoteRef = 933242441A5A17A300B086BC /* PBXContainerItemProxy */;
			sourceTree = BUILT_PRODUCTS_DIR;
		};
		933242471A5A17A300B086BC /* AlamofireTests.xctest */ = {
			isa = PBXReferenceProxy;
			fileType = wrapper.cfbundle;
			path = AlamofireTests.xctest;
			remoteRef = 933242461A5A17A300B086BC /* PBXContainerItemProxy */;
			sourceTree = BUILT_PRODUCTS_DIR;
		};
		93B591FC1A5B67E900E99B9C /* PKHUD Demo.app */ = {
			isa = PBXReferenceProxy;
			fileType = wrapper.application;
			path = "PKHUD Demo.app";
			remoteRef = 93B591FB1A5B67E900E99B9C /* PBXContainerItemProxy */;
			sourceTree = BUILT_PRODUCTS_DIR;
		};
		93B591FE1A5B67E900E99B9C /* PKHUD.framework */ = {
			isa = PBXReferenceProxy;
			fileType = wrapper.framework;
			path = PKHUD.framework;
			remoteRef = 93B591FD1A5B67E900E99B9C /* PBXContainerItemProxy */;
			sourceTree = BUILT_PRODUCTS_DIR;
		};
/* End PBXReferenceProxy section */

/* Begin PBXResourcesBuildPhase section */
		9341F3551A54CB89009710E7 /* Resources */ = {
			isa = PBXResourcesBuildPhase;
			buildActionMask = 2147483647;
			files = (
				9341F3621A54CB89009710E7 /* Main.storyboard in Resources */,
				9341F3641A54CB89009710E7 /* Images.xcassets in Resources */,
			);
			runOnlyForDeploymentPostprocessing = 0;
		};
		9341F37E1A54E6A5009710E7 /* Resources */ = {
			isa = PBXResourcesBuildPhase;
			buildActionMask = 2147483647;
			files = (
				9341F38A1A54E6A5009710E7 /* MainInterface.storyboard in Resources */,
			);
			runOnlyForDeploymentPostprocessing = 0;
		};
/* End PBXResourcesBuildPhase section */

/* Begin PBXSourcesBuildPhase section */
		9341F3531A54CB89009710E7 /* Sources */ = {
			isa = PBXSourcesBuildPhase;
			buildActionMask = 2147483647;
			files = (
				9341F35F1A54CB89009710E7 /* ViewController.swift in Sources */,
				939D28FF1A5E0AD3000FDCD1 /* NewsItem.swift in Sources */,
				93B591F51A5B634700E99B9C /* AEXML.swift in Sources */,
				9341F35D1A54CB89009710E7 /* AppDelegate.swift in Sources */,
			);
			runOnlyForDeploymentPostprocessing = 0;
		};
		9341F37C1A54E6A5009710E7 /* Sources */ = {
			isa = PBXSourcesBuildPhase;
			buildActionMask = 2147483647;
			files = (
				9341F3881A54E6A5009710E7 /* TodayViewController.swift in Sources */,
				939D29011A5E0B02000FDCD1 /* AEXML.swift in Sources */,
				939D29001A5E0AD3000FDCD1 /* NewsItem.swift in Sources */,
			);
			runOnlyForDeploymentPostprocessing = 0;
		};
/* End PBXSourcesBuildPhase section */

/* Begin PBXTargetDependency section */
		9341F38C1A54E6A5009710E7 /* PBXTargetDependency */ = {
			isa = PBXTargetDependency;
			target = 9341F37F1A54E6A5009710E7 /* extension */;
			targetProxy = 9341F38B1A54E6A5009710E7 /* PBXContainerItemProxy */;
		};
		93B591ED1A5B611F00E99B9C /* PBXTargetDependency */ = {
			isa = PBXTargetDependency;
			name = Alamofire;
			targetProxy = 93B591EC1A5B611F00E99B9C /* PBXContainerItemProxy */;
		};
		93B591F11A5B612400E99B9C /* PBXTargetDependency */ = {
			isa = PBXTargetDependency;
			name = Alamofire;
			targetProxy = 93B591F01A5B612400E99B9C /* PBXContainerItemProxy */;
		};
		93E7CFBA1A64E87600E1D11A /* PBXTargetDependency */ = {
			isa = PBXTargetDependency;
			name = PKHUD;
			targetProxy = 93E7CFB91A64E87600E1D11A /* PBXContainerItemProxy */;
		};
		93E7CFC11A64E90900E1D11A /* PBXTargetDependency */ = {
			isa = PBXTargetDependency;
			name = Alamofire;
			targetProxy = 93E7CFC01A64E90900E1D11A /* PBXContainerItemProxy */;
		};
		93E7CFC61A64F75900E1D11A /* PBXTargetDependency */ = {
			isa = PBXTargetDependency;
			name = PKHUD;
			targetProxy = 93E7CFC51A64F75900E1D11A /* PBXContainerItemProxy */;
		};
/* End PBXTargetDependency section */

/* Begin PBXVariantGroup section */
		9341F3601A54CB89009710E7 /* Main.storyboard */ = {
			isa = PBXVariantGroup;
			children = (
				9341F3611A54CB89009710E7 /* Base */,
			);
			name = Main.storyboard;
			sourceTree = "<group>";
		};
/* End PBXVariantGroup section */

/* Begin XCBuildConfiguration section */
		9341F3741A54CB8A009710E7 /* Debug */ = {
			isa = XCBuildConfiguration;
			buildSettings = {
				ALWAYS_SEARCH_USER_PATHS = NO;
				CLANG_CXX_LANGUAGE_STANDARD = "gnu++0x";
				CLANG_CXX_LIBRARY = "libc++";
				CLANG_ENABLE_MODULES = YES;
				CLANG_ENABLE_OBJC_ARC = YES;
				CLANG_WARN_BOOL_CONVERSION = YES;
				CLANG_WARN_CONSTANT_CONVERSION = YES;
				CLANG_WARN_DIRECT_OBJC_ISA_USAGE = YES_ERROR;
				CLANG_WARN_EMPTY_BODY = YES;
				CLANG_WARN_ENUM_CONVERSION = YES;
				CLANG_WARN_INT_CONVERSION = YES;
				CLANG_WARN_OBJC_ROOT_CLASS = YES_ERROR;
				CLANG_WARN_UNREACHABLE_CODE = YES;
				CLANG_WARN__DUPLICATE_METHOD_MATCH = YES;
				"CODE_SIGN_IDENTITY[sdk=iphoneos*]" = "iPhone Developer";
				COPY_PHASE_STRIP = NO;
				ENABLE_STRICT_OBJC_MSGSEND = YES;
				GCC_C_LANGUAGE_STANDARD = gnu99;
				GCC_DYNAMIC_NO_PIC = NO;
				GCC_OPTIMIZATION_LEVEL = 0;
				GCC_PREPROCESSOR_DEFINITIONS = (
					"DEBUG=1",
					"$(inherited)",
				);
				GCC_SYMBOLS_PRIVATE_EXTERN = NO;
				GCC_WARN_64_TO_32_BIT_CONVERSION = YES;
				GCC_WARN_ABOUT_RETURN_TYPE = YES_ERROR;
				GCC_WARN_UNDECLARED_SELECTOR = YES;
				GCC_WARN_UNINITIALIZED_AUTOS = YES_AGGRESSIVE;
				GCC_WARN_UNUSED_FUNCTION = YES;
				GCC_WARN_UNUSED_VARIABLE = YES;
				IPHONEOS_DEPLOYMENT_TARGET = 8.1;
				MTL_ENABLE_DEBUG_INFO = YES;
				ONLY_ACTIVE_ARCH = YES;
				SDKROOT = iphoneos;
				SWIFT_OPTIMIZATION_LEVEL = "-Onone";
			};
			name = Debug;
		};
		9341F3751A54CB8A009710E7 /* Release */ = {
			isa = XCBuildConfiguration;
			buildSettings = {
				ALWAYS_SEARCH_USER_PATHS = NO;
				CLANG_CXX_LANGUAGE_STANDARD = "gnu++0x";
				CLANG_CXX_LIBRARY = "libc++";
				CLANG_ENABLE_MODULES = YES;
				CLANG_ENABLE_OBJC_ARC = YES;
				CLANG_WARN_BOOL_CONVERSION = YES;
				CLANG_WARN_CONSTANT_CONVERSION = YES;
				CLANG_WARN_DIRECT_OBJC_ISA_USAGE = YES_ERROR;
				CLANG_WARN_EMPTY_BODY = YES;
				CLANG_WARN_ENUM_CONVERSION = YES;
				CLANG_WARN_INT_CONVERSION = YES;
				CLANG_WARN_OBJC_ROOT_CLASS = YES_ERROR;
				CLANG_WARN_UNREACHABLE_CODE = YES;
				CLANG_WARN__DUPLICATE_METHOD_MATCH = YES;
				"CODE_SIGN_IDENTITY[sdk=iphoneos*]" = "iPhone Developer";
				COPY_PHASE_STRIP = YES;
				ENABLE_NS_ASSERTIONS = NO;
				ENABLE_STRICT_OBJC_MSGSEND = YES;
				GCC_C_LANGUAGE_STANDARD = gnu99;
				GCC_WARN_64_TO_32_BIT_CONVERSION = YES;
				GCC_WARN_ABOUT_RETURN_TYPE = YES_ERROR;
				GCC_WARN_UNDECLARED_SELECTOR = YES;
				GCC_WARN_UNINITIALIZED_AUTOS = YES_AGGRESSIVE;
				GCC_WARN_UNUSED_FUNCTION = YES;
				GCC_WARN_UNUSED_VARIABLE = YES;
				IPHONEOS_DEPLOYMENT_TARGET = 8.1;
				MTL_ENABLE_DEBUG_INFO = NO;
				SDKROOT = iphoneos;
				VALIDATE_PRODUCT = YES;
			};
			name = Release;
		};
		9341F3771A54CB8A009710E7 /* Debug */ = {
			isa = XCBuildConfiguration;
			buildSettings = {
				ASSETCATALOG_COMPILER_APPICON_NAME = AppIcon;
				EMBEDDED_CONTENT_CONTAINS_SWIFT = YES;
				INFOPLIST_FILE = rsswidget/Info.plist;
				LD_RUNPATH_SEARCH_PATHS = "$(inherited) @executable_path/Frameworks";
				PRODUCT_NAME = "$(TARGET_NAME)";
			};
			name = Debug;
		};
		9341F3781A54CB8A009710E7 /* Release */ = {
			isa = XCBuildConfiguration;
			buildSettings = {
				ASSETCATALOG_COMPILER_APPICON_NAME = AppIcon;
				EMBEDDED_CONTENT_CONTAINS_SWIFT = YES;
				INFOPLIST_FILE = rsswidget/Info.plist;
				LD_RUNPATH_SEARCH_PATHS = "$(inherited) @executable_path/Frameworks";
				PRODUCT_NAME = "$(TARGET_NAME)";
			};
			name = Release;
		};
		9341F38E1A54E6A5009710E7 /* Debug */ = {
			isa = XCBuildConfiguration;
			buildSettings = {
				GCC_PREPROCESSOR_DEFINITIONS = (
					"DEBUG=1",
					"$(inherited)",
				);
				INFOPLIST_FILE = extension/Info.plist;
				LD_RUNPATH_SEARCH_PATHS = "$(inherited) @executable_path/Frameworks @executable_path/../../Frameworks";
				PRODUCT_NAME = "$(TARGET_NAME)";
				SKIP_INSTALL = YES;
			};
			name = Debug;
		};
		9341F38F1A54E6A5009710E7 /* Release */ = {
			isa = XCBuildConfiguration;
			buildSettings = {
				INFOPLIST_FILE = extension/Info.plist;
				LD_RUNPATH_SEARCH_PATHS = "$(inherited) @executable_path/Frameworks @executable_path/../../Frameworks";
				PRODUCT_NAME = "$(TARGET_NAME)";
				SKIP_INSTALL = YES;
			};
			name = Release;
		};
/* End XCBuildConfiguration section */

/* Begin XCConfigurationList section */
		9341F3521A54CB89009710E7 /* Build configuration list for PBXProject "rsswidget" */ = {
			isa = XCConfigurationList;
			buildConfigurations = (
				9341F3741A54CB8A009710E7 /* Debug */,
				9341F3751A54CB8A009710E7 /* Release */,
			);
			defaultConfigurationIsVisible = 0;
			defaultConfigurationName = Release;
		};
		9341F3761A54CB8A009710E7 /* Build configuration list for PBXNativeTarget "rsswidget" */ = {
			isa = XCConfigurationList;
			buildConfigurations = (
				9341F3771A54CB8A009710E7 /* Debug */,
				9341F3781A54CB8A009710E7 /* Release */,
			);
			defaultConfigurationIsVisible = 0;
			defaultConfigurationName = Release;
		};
		9341F3901A54E6A5009710E7 /* Build configuration list for PBXNativeTarget "extension" */ = {
			isa = XCConfigurationList;
			buildConfigurations = (
				9341F38E1A54E6A5009710E7 /* Debug */,
				9341F38F1A54E6A5009710E7 /* Release */,
			);
			defaultConfigurationIsVisible = 0;
			defaultConfigurationName = Release;
		};
/* End XCConfigurationList section */
	};
	rootObject = 9341F34F1A54CB89009710E7 /* Project object */;
}
